github.com/jakubnoga/kdtree v0.0.0-20200730203614-c3af61678548 h1:48uVOTD/66/+tMO7d00VfxAa/InL4rskMVEOliJRH70=
github.com/jakubnoga/kdtree v0.0.0-20200730203614-c3af61678548/go.mod h1:W4s48KlJreuLoRB/X6+TnaSyo2ebzIaM4gJgOSFV9nQ=
github.com/jakubnoga/kdtree v0.0.1 h1:BIaD/AiJRfEQcW84ns8PEKjl/AJJ0tViSJj16d4okK8=
github.com/jakubnoga/kdtree v0.0.1/go.mod h1:W4s48KlJreuLoRB/X6+TnaSyo2ebzIaM4gJgOSFV9nQ=
